// !$*UTF8*$!
{
	archiveVersion = 1;
	classes = {
	};
	objectVersion = 56;
	objects = {

/* Begin PBXBuildFile section */
		2A1F1EB32BEA720600C6B1C9 /* RecipeEditViewModel.swift in Sources */ = {isa = PBXBuildFile; fileRef = 2A1F1EB22BEA720600C6B1C9 /* RecipeEditViewModel.swift */; };
		2A3D414D2BCD414D008B968C /* RecipeViewModel.swift in Sources */ = {isa = PBXBuildFile; fileRef = 2A3D414C2BCD414D008B968C /* RecipeViewModel.swift */; };
		2A3D414F2BCD4274008B968C /* RecipeModel.swift in Sources */ = {isa = PBXBuildFile; fileRef = 2A3D414E2BCD4274008B968C /* RecipeModel.swift */; };
		2A3D41512BCD42FB008B968C /* IngredientModel.swift in Sources */ = {isa = PBXBuildFile; fileRef = 2A3D41502BCD42FB008B968C /* IngredientModel.swift */; };
		2A3D41542BCD4F12008B968C /* StepView.swift in Sources */ = {isa = PBXBuildFile; fileRef = 2A3D41532BCD4F12008B968C /* StepView.swift */; };
		2A3D41562BCD51AE008B968C /* IngredientView.swift in Sources */ = {isa = PBXBuildFile; fileRef = 2A3D41552BCD51AE008B968C /* IngredientView.swift */; };
		2A3D41582BCD580B008B968C /* RecipesDummyData.swift in Sources */ = {isa = PBXBuildFile; fileRef = 2A3D41572BCD580B008B968C /* RecipesDummyData.swift */; };
		2A4C0C072BEA9EE800E947F5 /* ImagePickerView.swift in Sources */ = {isa = PBXBuildFile; fileRef = 2A4C0C062BEA9EE800E947F5 /* ImagePickerView.swift */; };
		2A4CE8C92BC46C510076F3BB /* Recipe_AppApp.swift in Sources */ = {isa = PBXBuildFile; fileRef = 2A4CE8C82BC46C510076F3BB /* Recipe_AppApp.swift */; };
		2A4CE8CB2BC46C510076F3BB /* ContentView.swift in Sources */ = {isa = PBXBuildFile; fileRef = 2A4CE8CA2BC46C510076F3BB /* ContentView.swift */; };
		2A4CE8CD2BC46C520076F3BB /* Assets.xcassets in Resources */ = {isa = PBXBuildFile; fileRef = 2A4CE8CC2BC46C520076F3BB /* Assets.xcassets */; };
		2A4CE8D02BC46C520076F3BB /* Preview Assets.xcassets in Resources */ = {isa = PBXBuildFile; fileRef = 2A4CE8CF2BC46C520076F3BB /* Preview Assets.xcassets */; };
		2AA4F88C2BDD0BCB00F8BC98 /* GoogleService-Info.plist in Resources */ = {isa = PBXBuildFile; fileRef = 2AA4F88B2BDD0BCB00F8BC98 /* GoogleService-Info.plist */; };
		2AA4F88E2BDE6A1900F8BC98 /* ImagesRepository.swift in Sources */ = {isa = PBXBuildFile; fileRef = 2AA4F88D2BDE6A1900F8BC98 /* ImagesRepository.swift */; };
		2AA4F8902BDE707500F8BC98 /* FirebaseStorage in Frameworks */ = {isa = PBXBuildFile; productRef = 2AA4F88F2BDE707500F8BC98 /* FirebaseStorage */; };
		2AA4F8922BDE7DA600F8BC98 /* ImageView.swift in Sources */ = {isa = PBXBuildFile; fileRef = 2AA4F8912BDE7DA600F8BC98 /* ImageView.swift */; };
		2AA4F8952BDEC7FD00F8BC98 /* JustRecipeView.swift in Sources */ = {isa = PBXBuildFile; fileRef = 2AA4F8942BDEC7FD00F8BC98 /* JustRecipeView.swift */; };
		2AA4F8972BDECB1400F8BC98 /* ButtonView.swift in Sources */ = {isa = PBXBuildFile; fileRef = 2AA4F8962BDECB1400F8BC98 /* ButtonView.swift */; };
		2AAE2CD32BE6A91E0077B5ED /* StarsView.swift in Sources */ = {isa = PBXBuildFile; fileRef = 2AAE2CD22BE6A91E0077B5ED /* StarsView.swift */; };
		2ABF4CD92BDD0183003350F1 /* RecipesRepository.swift in Sources */ = {isa = PBXBuildFile; fileRef = 2ABF4CD82BDD0183003350F1 /* RecipesRepository.swift */; };
		2ABFDDB62BEA3ECD002EAE59 /* IngredientPickerView.swift in Sources */ = {isa = PBXBuildFile; fileRef = 2ABFDDB52BEA3ECD002EAE59 /* IngredientPickerView.swift */; };
		2AF1CD892BC46DFB00B022E9 /* RecipeView.swift in Sources */ = {isa = PBXBuildFile; fileRef = 2AF1CD882BC46DFB00B022E9 /* RecipeView.swift */; };
		2AF7CF722BE5486C00ED7E81 /* SearchModel.swift in Sources */ = {isa = PBXBuildFile; fileRef = 2AF7CF6F2BE5486C00ED7E81 /* SearchModel.swift */; };
		2AF7CF732BE5486C00ED7E81 /* SearchView.swift in Sources */ = {isa = PBXBuildFile; fileRef = 2AF7CF702BE5486C00ED7E81 /* SearchView.swift */; };
		2AF7CF932BE6516600ED7E81 /* EditRecipeView.swift in Sources */ = {isa = PBXBuildFile; fileRef = 2AF7CF922BE6516600ED7E81 /* EditRecipeView.swift */; };
		2AF7CF952BE663A600ED7E81 /* RatingView.swift in Sources */ = {isa = PBXBuildFile; fileRef = 2AF7CF942BE663A600ED7E81 /* RatingView.swift */; };
		2AF7CF972BE669B100ED7E81 /* CategoryView.swift in Sources */ = {isa = PBXBuildFile; fileRef = 2AF7CF962BE669B100ED7E81 /* CategoryView.swift */; };
		B9333CA92BE7D7B6006D8761 /* AddRecipeViewModel.swift in Sources */ = {isa = PBXBuildFile; fileRef = B9333CA82BE7D7B6006D8761 /* AddRecipeViewModel.swift */; };
		B9DC379E2BD15CCA00A13D8E /* AddRecipeView.swift in Sources */ = {isa = PBXBuildFile; fileRef = B9DC379D2BD15CCA00A13D8E /* AddRecipeView.swift */; };
		EB1FB80B2BE924A800FF8F7D /* ProfileEditView.swift in Sources */ = {isa = PBXBuildFile; fileRef = EB1FB80A2BE924A800FF8F7D /* ProfileEditView.swift */; };
		EB1FB80D2BE924BB00FF8F7D /* ProfileEditViewModel.swift in Sources */ = {isa = PBXBuildFile; fileRef = EB1FB80C2BE924BB00FF8F7D /* ProfileEditViewModel.swift */; };
		EB1FB80F2BE92C1500FF8F7D /* ImagePicker.swift in Sources */ = {isa = PBXBuildFile; fileRef = EB1FB80E2BE92C1500FF8F7D /* ImagePicker.swift */; };
		EB299D3F2BD2C80C00794100 /* UserModel.swift in Sources */ = {isa = PBXBuildFile; fileRef = EB299D3E2BD2C80C00794100 /* UserModel.swift */; };
		EB299D422BD2C85A00794100 /* AuthModel.swift in Sources */ = {isa = PBXBuildFile; fileRef = EB299D412BD2C85A00794100 /* AuthModel.swift */; };
		EB299D442BD2C87500794100 /* LoginView.swift in Sources */ = {isa = PBXBuildFile; fileRef = EB299D432BD2C87500794100 /* LoginView.swift */; };
		EB299D462BD2C8A800794100 /* SignUpView.swift in Sources */ = {isa = PBXBuildFile; fileRef = EB299D452BD2C8A800794100 /* SignUpView.swift */; };
		EB299D492BD2DB6600794100 /* CustomTextField.swift in Sources */ = {isa = PBXBuildFile; fileRef = EB299D482BD2DB6600794100 /* CustomTextField.swift */; };
		EB299D4B2BD2DD4400794100 /* LoginViewModel.swift in Sources */ = {isa = PBXBuildFile; fileRef = EB299D4A2BD2DD4400794100 /* LoginViewModel.swift */; };
		EB299D4E2BD2DF5B00794100 /* SignUpViewModel.swift in Sources */ = {isa = PBXBuildFile; fileRef = EB299D4D2BD2DF5B00794100 /* SignUpViewModel.swift */; };
		EB44BDFA2BD980B200DC26BB /* (null) in Resources */ = {isa = PBXBuildFile; };
		EB44BDFE2BD981A300DC26BB /* FirebaseAppCheck in Frameworks */ = {isa = PBXBuildFile; productRef = EB44BDFD2BD981A300DC26BB /* FirebaseAppCheck */; };
		EB44BE002BD983DB00DC26BB /* FirebaseAuth in Frameworks */ = {isa = PBXBuildFile; productRef = EB44BDFF2BD983DB00DC26BB /* FirebaseAuth */; };
		EB76DE172BE14CA8009E110D /* ProfileView.swift in Sources */ = {isa = PBXBuildFile; fileRef = EB76DE162BE14CA8009E110D /* ProfileView.swift */; };
		EB76DE192BE152DF009E110D /* ProfileViewModel.swift in Sources */ = {isa = PBXBuildFile; fileRef = EB76DE182BE152DF009E110D /* ProfileViewModel.swift */; };
		EB76DE1B2BE19FAA009E110D /* ProfileCardView.swift in Sources */ = {isa = PBXBuildFile; fileRef = EB76DE1A2BE19FAA009E110D /* ProfileCardView.swift */; };
		EBB08E202BDC732700A823B1 /* UserProfile.swift in Sources */ = {isa = PBXBuildFile; fileRef = EBB08E1F2BDC732700A823B1 /* UserProfile.swift */; };
		EBB08E232BDC739900A823B1 /* UserProfileRepository.swift in Sources */ = {isa = PBXBuildFile; fileRef = EBB08E222BDC739900A823B1 /* UserProfileRepository.swift */; };
		EBB08E252BDC749D00A823B1 /* FirebaseFirestore in Frameworks */ = {isa = PBXBuildFile; productRef = EBB08E242BDC749D00A823B1 /* FirebaseFirestore */; };
		EBB08E272BDC749D00A823B1 /* FirebaseFirestoreSwift in Frameworks */ = {isa = PBXBuildFile; productRef = EBB08E262BDC749D00A823B1 /* FirebaseFirestoreSwift */; };
		EBFDE7AD2BCF349B0004B18B /* RecipeCardView.swift in Sources */ = {isa = PBXBuildFile; fileRef = EBFDE7AC2BCF349B0004B18B /* RecipeCardView.swift */; };
		EBFDE7AF2BCF37220004B18B /* RecipesViewModel.swift in Sources */ = {isa = PBXBuildFile; fileRef = EBFDE7AE2BCF37220004B18B /* RecipesViewModel.swift */; };
		EBFDE7B12BCF378D0004B18B /* RecipesView.swift in Sources */ = {isa = PBXBuildFile; fileRef = EBFDE7B02BCF378D0004B18B /* RecipesView.swift */; };
/* End PBXBuildFile section */

/* Begin PBXFileReference section */
		2A1F1EB22BEA720600C6B1C9 /* RecipeEditViewModel.swift */ = {isa = PBXFileReference; lastKnownFileType = sourcecode.swift; path = RecipeEditViewModel.swift; sourceTree = "<group>"; };
		2A3D414C2BCD414D008B968C /* RecipeViewModel.swift */ = {isa = PBXFileReference; lastKnownFileType = sourcecode.swift; path = RecipeViewModel.swift; sourceTree = "<group>"; };
		2A3D414E2BCD4274008B968C /* RecipeModel.swift */ = {isa = PBXFileReference; lastKnownFileType = sourcecode.swift; path = RecipeModel.swift; sourceTree = "<group>"; };
		2A3D41502BCD42FB008B968C /* IngredientModel.swift */ = {isa = PBXFileReference; lastKnownFileType = sourcecode.swift; path = IngredientModel.swift; sourceTree = "<group>"; };
		2A3D41532BCD4F12008B968C /* StepView.swift */ = {isa = PBXFileReference; lastKnownFileType = sourcecode.swift; path = StepView.swift; sourceTree = "<group>"; };
		2A3D41552BCD51AE008B968C /* IngredientView.swift */ = {isa = PBXFileReference; lastKnownFileType = sourcecode.swift; path = IngredientView.swift; sourceTree = "<group>"; };
		2A3D41572BCD580B008B968C /* RecipesDummyData.swift */ = {isa = PBXFileReference; lastKnownFileType = sourcecode.swift; path = RecipesDummyData.swift; sourceTree = "<group>"; };
		2A4C0C062BEA9EE800E947F5 /* ImagePickerView.swift */ = {isa = PBXFileReference; lastKnownFileType = sourcecode.swift; path = ImagePickerView.swift; sourceTree = "<group>"; };
		2A4CE8C52BC46C510076F3BB /* Recipe App.app */ = {isa = PBXFileReference; explicitFileType = wrapper.application; includeInIndex = 0; path = "Recipe App.app"; sourceTree = BUILT_PRODUCTS_DIR; };
		2A4CE8C82BC46C510076F3BB /* Recipe_AppApp.swift */ = {isa = PBXFileReference; lastKnownFileType = sourcecode.swift; path = Recipe_AppApp.swift; sourceTree = "<group>"; };
		2A4CE8CA2BC46C510076F3BB /* ContentView.swift */ = {isa = PBXFileReference; lastKnownFileType = sourcecode.swift; path = ContentView.swift; sourceTree = "<group>"; };
		2A4CE8CC2BC46C520076F3BB /* Assets.xcassets */ = {isa = PBXFileReference; lastKnownFileType = folder.assetcatalog; path = Assets.xcassets; sourceTree = "<group>"; };
		2A4CE8CF2BC46C520076F3BB /* Preview Assets.xcassets */ = {isa = PBXFileReference; lastKnownFileType = folder.assetcatalog; path = "Preview Assets.xcassets"; sourceTree = "<group>"; };
		2AA4F88B2BDD0BCB00F8BC98 /* GoogleService-Info.plist */ = {isa = PBXFileReference; fileEncoding = 4; lastKnownFileType = text.plist.xml; path = "GoogleService-Info.plist"; sourceTree = "<group>"; };
		2AA4F88D2BDE6A1900F8BC98 /* ImagesRepository.swift */ = {isa = PBXFileReference; lastKnownFileType = sourcecode.swift; path = ImagesRepository.swift; sourceTree = "<group>"; };
		2AA4F8912BDE7DA600F8BC98 /* ImageView.swift */ = {isa = PBXFileReference; lastKnownFileType = sourcecode.swift; path = ImageView.swift; sourceTree = "<group>"; };
		2AA4F8942BDEC7FD00F8BC98 /* JustRecipeView.swift */ = {isa = PBXFileReference; lastKnownFileType = sourcecode.swift; path = JustRecipeView.swift; sourceTree = "<group>"; };
		2AA4F8962BDECB1400F8BC98 /* ButtonView.swift */ = {isa = PBXFileReference; lastKnownFileType = sourcecode.swift; path = ButtonView.swift; sourceTree = "<group>"; };
		2AAE2CD22BE6A91E0077B5ED /* StarsView.swift */ = {isa = PBXFileReference; lastKnownFileType = sourcecode.swift; path = StarsView.swift; sourceTree = "<group>"; };
		2ABF4CD82BDD0183003350F1 /* RecipesRepository.swift */ = {isa = PBXFileReference; lastKnownFileType = sourcecode.swift; path = RecipesRepository.swift; sourceTree = "<group>"; };
		2ABF4CDA2BDD0484003350F1 /* Recipe-App-Info.plist */ = {isa = PBXFileReference; lastKnownFileType = text.plist; path = "Recipe-App-Info.plist"; sourceTree = SOURCE_ROOT; };
		2ABFDDB52BEA3ECD002EAE59 /* IngredientPickerView.swift */ = {isa = PBXFileReference; lastKnownFileType = sourcecode.swift; path = IngredientPickerView.swift; sourceTree = "<group>"; };
		2AF1CD882BC46DFB00B022E9 /* RecipeView.swift */ = {isa = PBXFileReference; lastKnownFileType = sourcecode.swift; path = RecipeView.swift; sourceTree = "<group>"; };
		2AF7CF6F2BE5486C00ED7E81 /* SearchModel.swift */ = {isa = PBXFileReference; fileEncoding = 4; lastKnownFileType = sourcecode.swift; path = SearchModel.swift; sourceTree = "<group>"; };
		2AF7CF702BE5486C00ED7E81 /* SearchView.swift */ = {isa = PBXFileReference; fileEncoding = 4; lastKnownFileType = sourcecode.swift; path = SearchView.swift; sourceTree = "<group>"; };
		2AF7CF922BE6516600ED7E81 /* EditRecipeView.swift */ = {isa = PBXFileReference; lastKnownFileType = sourcecode.swift; path = EditRecipeView.swift; sourceTree = "<group>"; };
		2AF7CF942BE663A600ED7E81 /* RatingView.swift */ = {isa = PBXFileReference; lastKnownFileType = sourcecode.swift; path = RatingView.swift; sourceTree = "<group>"; };
		2AF7CF962BE669B100ED7E81 /* CategoryView.swift */ = {isa = PBXFileReference; lastKnownFileType = sourcecode.swift; path = CategoryView.swift; sourceTree = "<group>"; };
		B9333CA82BE7D7B6006D8761 /* AddRecipeViewModel.swift */ = {isa = PBXFileReference; lastKnownFileType = sourcecode.swift; path = AddRecipeViewModel.swift; sourceTree = "<group>"; };
		B9DC379D2BD15CCA00A13D8E /* AddRecipeView.swift */ = {isa = PBXFileReference; lastKnownFileType = sourcecode.swift; path = AddRecipeView.swift; sourceTree = "<group>"; };
		EB1FB80A2BE924A800FF8F7D /* ProfileEditView.swift */ = {isa = PBXFileReference; lastKnownFileType = sourcecode.swift; path = ProfileEditView.swift; sourceTree = "<group>"; };
		EB1FB80C2BE924BB00FF8F7D /* ProfileEditViewModel.swift */ = {isa = PBXFileReference; lastKnownFileType = sourcecode.swift; path = ProfileEditViewModel.swift; sourceTree = "<group>"; };
		EB1FB80E2BE92C1500FF8F7D /* ImagePicker.swift */ = {isa = PBXFileReference; lastKnownFileType = sourcecode.swift; path = ImagePicker.swift; sourceTree = "<group>"; };
		EB299D3E2BD2C80C00794100 /* UserModel.swift */ = {isa = PBXFileReference; lastKnownFileType = sourcecode.swift; path = UserModel.swift; sourceTree = "<group>"; };
		EB299D412BD2C85A00794100 /* AuthModel.swift */ = {isa = PBXFileReference; lastKnownFileType = sourcecode.swift; path = AuthModel.swift; sourceTree = "<group>"; };
		EB299D432BD2C87500794100 /* LoginView.swift */ = {isa = PBXFileReference; lastKnownFileType = sourcecode.swift; path = LoginView.swift; sourceTree = "<group>"; };
		EB299D452BD2C8A800794100 /* SignUpView.swift */ = {isa = PBXFileReference; lastKnownFileType = sourcecode.swift; path = SignUpView.swift; sourceTree = "<group>"; };
		EB299D482BD2DB6600794100 /* CustomTextField.swift */ = {isa = PBXFileReference; lastKnownFileType = sourcecode.swift; path = CustomTextField.swift; sourceTree = "<group>"; };
		EB299D4A2BD2DD4400794100 /* LoginViewModel.swift */ = {isa = PBXFileReference; lastKnownFileType = sourcecode.swift; path = LoginViewModel.swift; sourceTree = "<group>"; };
		EB299D4D2BD2DF5B00794100 /* SignUpViewModel.swift */ = {isa = PBXFileReference; lastKnownFileType = sourcecode.swift; path = SignUpViewModel.swift; sourceTree = "<group>"; };
		EB76DE162BE14CA8009E110D /* ProfileView.swift */ = {isa = PBXFileReference; lastKnownFileType = sourcecode.swift; path = ProfileView.swift; sourceTree = "<group>"; };
		EB76DE182BE152DF009E110D /* ProfileViewModel.swift */ = {isa = PBXFileReference; lastKnownFileType = sourcecode.swift; path = ProfileViewModel.swift; sourceTree = "<group>"; };
		EB76DE1A2BE19FAA009E110D /* ProfileCardView.swift */ = {isa = PBXFileReference; lastKnownFileType = sourcecode.swift; path = ProfileCardView.swift; sourceTree = "<group>"; };
		EBB08E1F2BDC732700A823B1 /* UserProfile.swift */ = {isa = PBXFileReference; lastKnownFileType = sourcecode.swift; path = UserProfile.swift; sourceTree = "<group>"; };
		EBB08E222BDC739900A823B1 /* UserProfileRepository.swift */ = {isa = PBXFileReference; lastKnownFileType = sourcecode.swift; path = UserProfileRepository.swift; sourceTree = "<group>"; };
		EBFDE7AC2BCF349B0004B18B /* RecipeCardView.swift */ = {isa = PBXFileReference; lastKnownFileType = sourcecode.swift; path = RecipeCardView.swift; sourceTree = "<group>"; };
		EBFDE7AE2BCF37220004B18B /* RecipesViewModel.swift */ = {isa = PBXFileReference; lastKnownFileType = sourcecode.swift; path = RecipesViewModel.swift; sourceTree = "<group>"; };
		EBFDE7B02BCF378D0004B18B /* RecipesView.swift */ = {isa = PBXFileReference; lastKnownFileType = sourcecode.swift; path = RecipesView.swift; sourceTree = "<group>"; };
/* End PBXFileReference section */

/* Begin PBXFrameworksBuildPhase section */
		2A4CE8C22BC46C510076F3BB /* Frameworks */ = {
			isa = PBXFrameworksBuildPhase;
			buildActionMask = 2147483647;
			files = (
				EB44BDFE2BD981A300DC26BB /* FirebaseAppCheck in Frameworks */,
				EB44BE002BD983DB00DC26BB /* FirebaseAuth in Frameworks */,
				EBB08E252BDC749D00A823B1 /* FirebaseFirestore in Frameworks */,
				2AA4F8902BDE707500F8BC98 /* FirebaseStorage in Frameworks */,
				EBB08E272BDC749D00A823B1 /* FirebaseFirestoreSwift in Frameworks */,
			);
			runOnlyForDeploymentPostprocessing = 0;
		};
/* End PBXFrameworksBuildPhase section */

/* Begin PBXGroup section */
		2A1F1EB42BEA9E2A00C6B1C9 /* EditView */ = {
			isa = PBXGroup;
			children = (
				2AF7CF922BE6516600ED7E81 /* EditRecipeView.swift */,
				2A1F1EB22BEA720600C6B1C9 /* RecipeEditViewModel.swift */,
				2A4C0C062BEA9EE800E947F5 /* ImagePickerView.swift */,
			);
			path = EditView;
			sourceTree = "<group>";
		};
		2A3D414B2BCD3DA2008B968C /* Model */ = {
			isa = PBXGroup;
			children = (
				EB299D412BD2C85A00794100 /* AuthModel.swift */,
				2A3D414E2BCD4274008B968C /* RecipeModel.swift */,
				2A3D41502BCD42FB008B968C /* IngredientModel.swift */,
				EB299D3E2BD2C80C00794100 /* UserModel.swift */,
				EBB08E1F2BDC732700A823B1 /* UserProfile.swift */,
			);
			path = Model;
			sourceTree = "<group>";
		};
		2A3D41522BCD4EE8008B968C /* RecipeView */ = {
			isa = PBXGroup;
			children = (
				2AF1CD882BC46DFB00B022E9 /* RecipeView.swift */,
				2A3D414C2BCD414D008B968C /* RecipeViewModel.swift */,
				2A3D41532BCD4F12008B968C /* StepView.swift */,
				2AA4F8942BDEC7FD00F8BC98 /* JustRecipeView.swift */,
				2AAE2CD22BE6A91E0077B5ED /* StarsView.swift */,
			);
			path = RecipeView;
			sourceTree = "<group>";
		};
		2A4CE8BC2BC46C510076F3BB = {
			isa = PBXGroup;
			children = (
				2AA4F88B2BDD0BCB00F8BC98 /* GoogleService-Info.plist */,
				2A4CE8C72BC46C510076F3BB /* Recipe App */,
				2A4CE8C62BC46C510076F3BB /* Products */,
			);
			sourceTree = "<group>";
		};
		2A4CE8C62BC46C510076F3BB /* Products */ = {
			isa = PBXGroup;
			children = (
				2A4CE8C52BC46C510076F3BB /* Recipe App.app */,
			);
			name = Products;
			sourceTree = "<group>";
		};
		2A4CE8C72BC46C510076F3BB /* Recipe App */ = {
			isa = PBXGroup;
			children = (
				EB1FB8092BE9249100FF8F7D /* ProfileEditView */,
				2AF7CF712BE5486C00ED7E81 /* SearchView */,
				EB76DE152BE14C80009E110D /* ProfileVIew */,
				2ABF4CDA2BDD0484003350F1 /* Recipe-App-Info.plist */,
				EBB08E212BDC738500A823B1 /* Repository */,
				EB299D4C2BD2DEDB00794100 /* SignUpView */,
				EB299D472BD2DB2700794100 /* SharedView */,
				EB299D402BD2C83500794100 /* LoginView */,
				B9DC379C2BD15CA200A13D8E /* AddRecipeView */,
				EBFDE7AB2BCF34400004B18B /* RecipesView */,
				2A3D41522BCD4EE8008B968C /* RecipeView */,
				2A1F1EB42BEA9E2A00C6B1C9 /* EditView */,
				2A3D414B2BCD3DA2008B968C /* Model */,
				2A4CE8CA2BC46C510076F3BB /* ContentView.swift */,
				2A3D41572BCD580B008B968C /* RecipesDummyData.swift */,
				2A4CE8C82BC46C510076F3BB /* Recipe_AppApp.swift */,
				2A4CE8CC2BC46C520076F3BB /* Assets.xcassets */,
				2A4CE8CE2BC46C520076F3BB /* Preview Content */,
			);
			path = "Recipe App";
			sourceTree = "<group>";
		};
		2A4CE8CE2BC46C520076F3BB /* Preview Content */ = {
			isa = PBXGroup;
			children = (
				2A4CE8CF2BC46C520076F3BB /* Preview Assets.xcassets */,
			);
			path = "Preview Content";
			sourceTree = "<group>";
		};
		2AF7CF712BE5486C00ED7E81 /* SearchView */ = {
			isa = PBXGroup;
			children = (
				2AF7CF6F2BE5486C00ED7E81 /* SearchModel.swift */,
				2AF7CF702BE5486C00ED7E81 /* SearchView.swift */,
			);
			path = SearchView;
			sourceTree = "<group>";
		};
		B9DC379C2BD15CA200A13D8E /* AddRecipeView */ = {
			isa = PBXGroup;
			children = (
				B9DC379D2BD15CCA00A13D8E /* AddRecipeView.swift */,
				B9333CA82BE7D7B6006D8761 /* AddRecipeViewModel.swift */,
			);
			path = AddRecipeView;
			sourceTree = "<group>";
		};
		EB1FB8092BE9249100FF8F7D /* ProfileEditView */ = {
			isa = PBXGroup;
			children = (
				EB1FB80A2BE924A800FF8F7D /* ProfileEditView.swift */,
				EB1FB80C2BE924BB00FF8F7D /* ProfileEditViewModel.swift */,
			);
			path = ProfileEditView;
			sourceTree = "<group>";
		};
		EB299D402BD2C83500794100 /* LoginView */ = {
			isa = PBXGroup;
			children = (
				EB299D432BD2C87500794100 /* LoginView.swift */,
				EB299D4A2BD2DD4400794100 /* LoginViewModel.swift */,
			);
			path = LoginView;
			sourceTree = "<group>";
		};
		EB299D472BD2DB2700794100 /* SharedView */ = {
			isa = PBXGroup;
			children = (
				2AA4F8962BDECB1400F8BC98 /* ButtonView.swift */,
				EB76DE1A2BE19FAA009E110D /* ProfileCardView.swift */,
				EB299D482BD2DB6600794100 /* CustomTextField.swift */,
				2A3D41552BCD51AE008B968C /* IngredientView.swift */,
				2AA4F8912BDE7DA600F8BC98 /* ImageView.swift */,
				2AF7CF942BE663A600ED7E81 /* RatingView.swift */,
				2AF7CF962BE669B100ED7E81 /* CategoryView.swift */,
				EB1FB80E2BE92C1500FF8F7D /* ImagePicker.swift */,
				2ABFDDB52BEA3ECD002EAE59 /* IngredientPickerView.swift */,
			);
			path = SharedView;
			sourceTree = "<group>";
		};
		EB299D4C2BD2DEDB00794100 /* SignUpView */ = {
			isa = PBXGroup;
			children = (
				EB299D452BD2C8A800794100 /* SignUpView.swift */,
				EB299D4D2BD2DF5B00794100 /* SignUpViewModel.swift */,
			);
			path = SignUpView;
			sourceTree = "<group>";
		};
		EB76DE152BE14C80009E110D /* ProfileVIew */ = {
			isa = PBXGroup;
			children = (
				EB76DE162BE14CA8009E110D /* ProfileView.swift */,
				EB76DE182BE152DF009E110D /* ProfileViewModel.swift */,
			);
			path = ProfileVIew;
			sourceTree = "<group>";
		};
		EBB08E212BDC738500A823B1 /* Repository */ = {
			isa = PBXGroup;
			children = (
				2ABF4CD82BDD0183003350F1 /* RecipesRepository.swift */,
				EBB08E222BDC739900A823B1 /* UserProfileRepository.swift */,
				2AA4F88D2BDE6A1900F8BC98 /* ImagesRepository.swift */,
			);
			path = Repository;
			sourceTree = "<group>";
		};
		EBFDE7AB2BCF34400004B18B /* RecipesView */ = {
			isa = PBXGroup;
			children = (
				EBFDE7AC2BCF349B0004B18B /* RecipeCardView.swift */,
				EBFDE7AE2BCF37220004B18B /* RecipesViewModel.swift */,
				EBFDE7B02BCF378D0004B18B /* RecipesView.swift */,
			);
			path = RecipesView;
			sourceTree = "<group>";
		};
/* End PBXGroup section */

/* Begin PBXNativeTarget section */
		2A4CE8C42BC46C510076F3BB /* Recipe App */ = {
			isa = PBXNativeTarget;
			buildConfigurationList = 2A4CE8D32BC46C520076F3BB /* Build configuration list for PBXNativeTarget "Recipe App" */;
			buildPhases = (
				2A4CE8C12BC46C510076F3BB /* Sources */,
				2A4CE8C22BC46C510076F3BB /* Frameworks */,
				2A4CE8C32BC46C510076F3BB /* Resources */,
			);
			buildRules = (
			);
			dependencies = (
			);
			name = "Recipe App";
			packageProductDependencies = (
				EB44BDFD2BD981A300DC26BB /* FirebaseAppCheck */,
				EB44BDFF2BD983DB00DC26BB /* FirebaseAuth */,
				EBB08E242BDC749D00A823B1 /* FirebaseFirestore */,
				EBB08E262BDC749D00A823B1 /* FirebaseFirestoreSwift */,
				2AA4F88F2BDE707500F8BC98 /* FirebaseStorage */,
			);
			productName = "Recipe App";
			productReference = 2A4CE8C52BC46C510076F3BB /* Recipe App.app */;
			productType = "com.apple.product-type.application";
		};
/* End PBXNativeTarget section */

/* Begin PBXProject section */
		2A4CE8BD2BC46C510076F3BB /* Project object */ = {
			isa = PBXProject;
			attributes = {
				BuildIndependentTargetsInParallel = 1;
				LastSwiftUpdateCheck = 1530;
				LastUpgradeCheck = 1530;
				TargetAttributes = {
					2A4CE8C42BC46C510076F3BB = {
						CreatedOnToolsVersion = 15.3;
					};
				};
			};
			buildConfigurationList = 2A4CE8C02BC46C510076F3BB /* Build configuration list for PBXProject "Recipe App" */;
			compatibilityVersion = "Xcode 14.0";
			developmentRegion = en;
			hasScannedForEncodings = 0;
			knownRegions = (
				en,
				Base,
			);
			mainGroup = 2A4CE8BC2BC46C510076F3BB;
			packageReferences = (
				EB44BDFC2BD981A300DC26BB /* XCRemoteSwiftPackageReference "firebase-ios-sdk" */,
			);
			productRefGroup = 2A4CE8C62BC46C510076F3BB /* Products */;
			projectDirPath = "";
			projectRoot = "";
			targets = (
				2A4CE8C42BC46C510076F3BB /* Recipe App */,
			);
		};
/* End PBXProject section */

/* Begin PBXResourcesBuildPhase section */
		2A4CE8C32BC46C510076F3BB /* Resources */ = {
			isa = PBXResourcesBuildPhase;
			buildActionMask = 2147483647;
			files = (
				2A4CE8D02BC46C520076F3BB /* Preview Assets.xcassets in Resources */,
				2AA4F88C2BDD0BCB00F8BC98 /* GoogleService-Info.plist in Resources */,
				2A4CE8CD2BC46C520076F3BB /* Assets.xcassets in Resources */,
				EB44BDFA2BD980B200DC26BB /* (null) in Resources */,
			);
			runOnlyForDeploymentPostprocessing = 0;
		};
/* End PBXResourcesBuildPhase section */

/* Begin PBXSourcesBuildPhase section */
		2A4CE8C12BC46C510076F3BB /* Sources */ = {
			isa = PBXSourcesBuildPhase;
			buildActionMask = 2147483647;
			files = (
				EB1FB80F2BE92C1500FF8F7D /* ImagePicker.swift in Sources */,
				2ABFDDB62BEA3ECD002EAE59 /* IngredientPickerView.swift in Sources */,
				2A3D414D2BCD414D008B968C /* RecipeViewModel.swift in Sources */,
				2AF1CD892BC46DFB00B022E9 /* RecipeView.swift in Sources */,
				EB76DE192BE152DF009E110D /* ProfileViewModel.swift in Sources */,
				EB1FB80B2BE924A800FF8F7D /* ProfileEditView.swift in Sources */,
				EBB08E202BDC732700A823B1 /* UserProfile.swift in Sources */,
				B9DC379E2BD15CCA00A13D8E /* AddRecipeView.swift in Sources */,
				2AF7CF732BE5486C00ED7E81 /* SearchView.swift in Sources */,
				2AF7CF722BE5486C00ED7E81 /* SearchModel.swift in Sources */,
				2A1F1EB32BEA720600C6B1C9 /* RecipeEditViewModel.swift in Sources */,
				2AA4F8922BDE7DA600F8BC98 /* ImageView.swift in Sources */,
				2A4C0C072BEA9EE800E947F5 /* ImagePickerView.swift in Sources */,
				2A3D41582BCD580B008B968C /* RecipesDummyData.swift in Sources */,
				EB299D442BD2C87500794100 /* LoginView.swift in Sources */,
				2ABF4CD92BDD0183003350F1 /* RecipesRepository.swift in Sources */,
				2AF7CF952BE663A600ED7E81 /* RatingView.swift in Sources */,
				2AA4F8972BDECB1400F8BC98 /* ButtonView.swift in Sources */,
				EB76DE1B2BE19FAA009E110D /* ProfileCardView.swift in Sources */,
				EBFDE7AF2BCF37220004B18B /* RecipesViewModel.swift in Sources */,
				EB299D4E2BD2DF5B00794100 /* SignUpViewModel.swift in Sources */,
				2A3D41512BCD42FB008B968C /* IngredientModel.swift in Sources */,
				2AF7CF932BE6516600ED7E81 /* EditRecipeView.swift in Sources */,
				EB76DE172BE14CA8009E110D /* ProfileView.swift in Sources */,
				EB299D3F2BD2C80C00794100 /* UserModel.swift in Sources */,
				2A3D414F2BCD4274008B968C /* RecipeModel.swift in Sources */,
				EB299D4B2BD2DD4400794100 /* LoginViewModel.swift in Sources */,
				EB299D492BD2DB6600794100 /* CustomTextField.swift in Sources */,
				2A4CE8CB2BC46C510076F3BB /* ContentView.swift in Sources */,
				EBB08E232BDC739900A823B1 /* UserProfileRepository.swift in Sources */,
				EBFDE7AD2BCF349B0004B18B /* RecipeCardView.swift in Sources */,
				2AAE2CD32BE6A91E0077B5ED /* StarsView.swift in Sources */,
				2A3D41542BCD4F12008B968C /* StepView.swift in Sources */,
				EB299D422BD2C85A00794100 /* AuthModel.swift in Sources */,
				2AA4F88E2BDE6A1900F8BC98 /* ImagesRepository.swift in Sources */,
				2AF7CF972BE669B100ED7E81 /* CategoryView.swift in Sources */,
				EB299D462BD2C8A800794100 /* SignUpView.swift in Sources */,
				B9333CA92BE7D7B6006D8761 /* AddRecipeViewModel.swift in Sources */,
				2AA4F8952BDEC7FD00F8BC98 /* JustRecipeView.swift in Sources */,
				2A4CE8C92BC46C510076F3BB /* Recipe_AppApp.swift in Sources */,
				EBFDE7B12BCF378D0004B18B /* RecipesView.swift in Sources */,
				EB1FB80D2BE924BB00FF8F7D /* ProfileEditViewModel.swift in Sources */,
				2A3D41562BCD51AE008B968C /* IngredientView.swift in Sources */,
			);
			runOnlyForDeploymentPostprocessing = 0;
		};
/* End PBXSourcesBuildPhase section */

/* Begin XCBuildConfiguration section */
		2A4CE8D12BC46C520076F3BB /* Debug */ = {
			isa = XCBuildConfiguration;
			buildSettings = {
				ALWAYS_SEARCH_USER_PATHS = NO;
				ASSETCATALOG_COMPILER_GENERATE_SWIFT_ASSET_SYMBOL_EXTENSIONS = YES;
				CLANG_ANALYZER_NONNULL = YES;
				CLANG_ANALYZER_NUMBER_OBJECT_CONVERSION = YES_AGGRESSIVE;
				CLANG_CXX_LANGUAGE_STANDARD = "gnu++20";
				CLANG_ENABLE_MODULES = YES;
				CLANG_ENABLE_OBJC_ARC = YES;
				CLANG_ENABLE_OBJC_WEAK = YES;
				CLANG_WARN_BLOCK_CAPTURE_AUTORELEASING = YES;
				CLANG_WARN_BOOL_CONVERSION = YES;
				CLANG_WARN_COMMA = YES;
				CLANG_WARN_CONSTANT_CONVERSION = YES;
				CLANG_WARN_DEPRECATED_OBJC_IMPLEMENTATIONS = YES;
				CLANG_WARN_DIRECT_OBJC_ISA_USAGE = YES_ERROR;
				CLANG_WARN_DOCUMENTATION_COMMENTS = YES;
				CLANG_WARN_EMPTY_BODY = YES;
				CLANG_WARN_ENUM_CONVERSION = YES;
				CLANG_WARN_INFINITE_RECURSION = YES;
				CLANG_WARN_INT_CONVERSION = YES;
				CLANG_WARN_NON_LITERAL_NULL_CONVERSION = YES;
				CLANG_WARN_OBJC_IMPLICIT_RETAIN_SELF = YES;
				CLANG_WARN_OBJC_LITERAL_CONVERSION = YES;
				CLANG_WARN_OBJC_ROOT_CLASS = YES_ERROR;
				CLANG_WARN_QUOTED_INCLUDE_IN_FRAMEWORK_HEADER = YES;
				CLANG_WARN_RANGE_LOOP_ANALYSIS = YES;
				CLANG_WARN_STRICT_PROTOTYPES = YES;
				CLANG_WARN_SUSPICIOUS_MOVE = YES;
				CLANG_WARN_UNGUARDED_AVAILABILITY = YES_AGGRESSIVE;
				CLANG_WARN_UNREACHABLE_CODE = YES;
				CLANG_WARN__DUPLICATE_METHOD_MATCH = YES;
				COPY_PHASE_STRIP = NO;
				DEBUG_INFORMATION_FORMAT = dwarf;
				ENABLE_STRICT_OBJC_MSGSEND = YES;
				ENABLE_TESTABILITY = YES;
				ENABLE_USER_SCRIPT_SANDBOXING = YES;
				GCC_C_LANGUAGE_STANDARD = gnu17;
				GCC_DYNAMIC_NO_PIC = NO;
				GCC_NO_COMMON_BLOCKS = YES;
				GCC_OPTIMIZATION_LEVEL = 0;
				GCC_PREPROCESSOR_DEFINITIONS = (
					"DEBUG=1",
					"$(inherited)",
				);
				GCC_WARN_64_TO_32_BIT_CONVERSION = YES;
				GCC_WARN_ABOUT_RETURN_TYPE = YES_ERROR;
				GCC_WARN_UNDECLARED_SELECTOR = YES;
				GCC_WARN_UNINITIALIZED_AUTOS = YES_AGGRESSIVE;
				GCC_WARN_UNUSED_FUNCTION = YES;
				GCC_WARN_UNUSED_VARIABLE = YES;
				IPHONEOS_DEPLOYMENT_TARGET = 17.4;
				LOCALIZATION_PREFERS_STRING_CATALOGS = YES;
				MTL_ENABLE_DEBUG_INFO = INCLUDE_SOURCE;
				MTL_FAST_MATH = YES;
				ONLY_ACTIVE_ARCH = YES;
				SDKROOT = iphoneos;
				SWIFT_ACTIVE_COMPILATION_CONDITIONS = "DEBUG $(inherited)";
				SWIFT_OPTIMIZATION_LEVEL = "-Onone";
			};
			name = Debug;
		};
		2A4CE8D22BC46C520076F3BB /* Release */ = {
			isa = XCBuildConfiguration;
			buildSettings = {
				ALWAYS_SEARCH_USER_PATHS = NO;
				ASSETCATALOG_COMPILER_GENERATE_SWIFT_ASSET_SYMBOL_EXTENSIONS = YES;
				CLANG_ANALYZER_NONNULL = YES;
				CLANG_ANALYZER_NUMBER_OBJECT_CONVERSION = YES_AGGRESSIVE;
				CLANG_CXX_LANGUAGE_STANDARD = "gnu++20";
				CLANG_ENABLE_MODULES = YES;
				CLANG_ENABLE_OBJC_ARC = YES;
				CLANG_ENABLE_OBJC_WEAK = YES;
				CLANG_WARN_BLOCK_CAPTURE_AUTORELEASING = YES;
				CLANG_WARN_BOOL_CONVERSION = YES;
				CLANG_WARN_COMMA = YES;
				CLANG_WARN_CONSTANT_CONVERSION = YES;
				CLANG_WARN_DEPRECATED_OBJC_IMPLEMENTATIONS = YES;
				CLANG_WARN_DIRECT_OBJC_ISA_USAGE = YES_ERROR;
				CLANG_WARN_DOCUMENTATION_COMMENTS = YES;
				CLANG_WARN_EMPTY_BODY = YES;
				CLANG_WARN_ENUM_CONVERSION = YES;
				CLANG_WARN_INFINITE_RECURSION = YES;
				CLANG_WARN_INT_CONVERSION = YES;
				CLANG_WARN_NON_LITERAL_NULL_CONVERSION = YES;
				CLANG_WARN_OBJC_IMPLICIT_RETAIN_SELF = YES;
				CLANG_WARN_OBJC_LITERAL_CONVERSION = YES;
				CLANG_WARN_OBJC_ROOT_CLASS = YES_ERROR;
				CLANG_WARN_QUOTED_INCLUDE_IN_FRAMEWORK_HEADER = YES;
				CLANG_WARN_RANGE_LOOP_ANALYSIS = YES;
				CLANG_WARN_STRICT_PROTOTYPES = YES;
				CLANG_WARN_SUSPICIOUS_MOVE = YES;
				CLANG_WARN_UNGUARDED_AVAILABILITY = YES_AGGRESSIVE;
				CLANG_WARN_UNREACHABLE_CODE = YES;
				CLANG_WARN__DUPLICATE_METHOD_MATCH = YES;
				COPY_PHASE_STRIP = NO;
				DEBUG_INFORMATION_FORMAT = "dwarf-with-dsym";
				ENABLE_NS_ASSERTIONS = NO;
				ENABLE_STRICT_OBJC_MSGSEND = YES;
				ENABLE_USER_SCRIPT_SANDBOXING = YES;
				GCC_C_LANGUAGE_STANDARD = gnu17;
				GCC_NO_COMMON_BLOCKS = YES;
				GCC_WARN_64_TO_32_BIT_CONVERSION = YES;
				GCC_WARN_ABOUT_RETURN_TYPE = YES_ERROR;
				GCC_WARN_UNDECLARED_SELECTOR = YES;
				GCC_WARN_UNINITIALIZED_AUTOS = YES_AGGRESSIVE;
				GCC_WARN_UNUSED_FUNCTION = YES;
				GCC_WARN_UNUSED_VARIABLE = YES;
				IPHONEOS_DEPLOYMENT_TARGET = 17.4;
				LOCALIZATION_PREFERS_STRING_CATALOGS = YES;
				MTL_ENABLE_DEBUG_INFO = NO;
				MTL_FAST_MATH = YES;
				SDKROOT = iphoneos;
				SWIFT_COMPILATION_MODE = wholemodule;
				VALIDATE_PRODUCT = YES;
			};
			name = Release;
		};
		2A4CE8D42BC46C520076F3BB /* Debug */ = {
			isa = XCBuildConfiguration;
			buildSettings = {
				ASSETCATALOG_COMPILER_APPICON_NAME = AppIcon;
				ASSETCATALOG_COMPILER_GLOBAL_ACCENT_COLOR_NAME = AccentColor;
				CODE_SIGN_STYLE = Automatic;
				CURRENT_PROJECT_VERSION = 1;
				DEVELOPMENT_ASSET_PATHS = "\"Recipe App/Preview Content\"";
				ENABLE_PREVIEWS = YES;
				GENERATE_INFOPLIST_FILE = YES;
				INFOPLIST_FILE = "Recipe-App-Info.plist";
				INFOPLIST_KEY_UIApplicationSceneManifest_Generation = YES;
				INFOPLIST_KEY_UIApplicationSupportsIndirectInputEvents = YES;
				INFOPLIST_KEY_UILaunchScreen_Generation = YES;
				INFOPLIST_KEY_UISupportedInterfaceOrientations_iPad = "UIInterfaceOrientationPortrait UIInterfaceOrientationPortraitUpsideDown UIInterfaceOrientationLandscapeLeft UIInterfaceOrientationLandscapeRight";
				INFOPLIST_KEY_UISupportedInterfaceOrientations_iPhone = "UIInterfaceOrientationPortrait UIInterfaceOrientationLandscapeLeft UIInterfaceOrientationLandscapeRight";
				IPHONEOS_DEPLOYMENT_TARGET = 17.4;
				LD_RUNPATH_SEARCH_PATHS = (
					"$(inherited)",
					"@executable_path/Frameworks",
				);
				MARKETING_VERSION = 1.0;
				PRODUCT_BUNDLE_IDENTIFIER = "galina.Recipe-App";
				PRODUCT_NAME = "$(TARGET_NAME)";
				SWIFT_EMIT_LOC_STRINGS = YES;
				SWIFT_VERSION = 5.0;
				TARGETED_DEVICE_FAMILY = "1,2";
			};
			name = Debug;
		};
		2A4CE8D52BC46C520076F3BB /* Release */ = {
			isa = XCBuildConfiguration;
			buildSettings = {
				ASSETCATALOG_COMPILER_APPICON_NAME = AppIcon;
				ASSETCATALOG_COMPILER_GLOBAL_ACCENT_COLOR_NAME = AccentColor;
				CODE_SIGN_STYLE = Automatic;
				CURRENT_PROJECT_VERSION = 1;
				DEVELOPMENT_ASSET_PATHS = "\"Recipe App/Preview Content\"";
				ENABLE_PREVIEWS = YES;
				GENERATE_INFOPLIST_FILE = YES;
				INFOPLIST_FILE = "Recipe-App-Info.plist";
				INFOPLIST_KEY_UIApplicationSceneManifest_Generation = YES;
				INFOPLIST_KEY_UIApplicationSupportsIndirectInputEvents = YES;
				INFOPLIST_KEY_UILaunchScreen_Generation = YES;
				INFOPLIST_KEY_UISupportedInterfaceOrientations_iPad = "UIInterfaceOrientationPortrait UIInterfaceOrientationPortraitUpsideDown UIInterfaceOrientationLandscapeLeft UIInterfaceOrientationLandscapeRight";
				INFOPLIST_KEY_UISupportedInterfaceOrientations_iPhone = "UIInterfaceOrientationPortrait UIInterfaceOrientationLandscapeLeft UIInterfaceOrientationLandscapeRight";
				IPHONEOS_DEPLOYMENT_TARGET = 17.4;
				LD_RUNPATH_SEARCH_PATHS = (
					"$(inherited)",
					"@executable_path/Frameworks",
				);
				MARKETING_VERSION = 1.0;
				PRODUCT_BUNDLE_IDENTIFIER = "galina.Recipe-App";
				PRODUCT_NAME = "$(TARGET_NAME)";
				SWIFT_EMIT_LOC_STRINGS = YES;
				SWIFT_VERSION = 5.0;
				TARGETED_DEVICE_FAMILY = "1,2";
			};
			name = Release;
		};
/* End XCBuildConfiguration section */

/* Begin XCConfigurationList section */
		2A4CE8C02BC46C510076F3BB /* Build configuration list for PBXProject "Recipe App" */ = {
			isa = XCConfigurationList;
			buildConfigurations = (
				2A4CE8D12BC46C520076F3BB /* Debug */,
				2A4CE8D22BC46C520076F3BB /* Release */,
			);
			defaultConfigurationIsVisible = 0;
			defaultConfigurationName = Release;
		};
		2A4CE8D32BC46C520076F3BB /* Build configuration list for PBXNativeTarget "Recipe App" */ = {
			isa = XCConfigurationList;
			buildConfigurations = (
				2A4CE8D42BC46C520076F3BB /* Debug */,
				2A4CE8D52BC46C520076F3BB /* Release */,
			);
			defaultConfigurationIsVisible = 0;
			defaultConfigurationName = Release;
		};
/* End XCConfigurationList section */

/* Begin XCRemoteSwiftPackageReference section */
		EB44BDFC2BD981A300DC26BB /* XCRemoteSwiftPackageReference "firebase-ios-sdk" */ = {
			isa = XCRemoteSwiftPackageReference;
			repositoryURL = "https://github.com/firebase/firebase-ios-sdk";
			requirement = {
				kind = upToNextMajorVersion;
				minimumVersion = 10.24.0;
			};
		};
/* End XCRemoteSwiftPackageReference section */

/* Begin XCSwiftPackageProductDependency section */
		2AA4F88F2BDE707500F8BC98 /* FirebaseStorage */ = {
			isa = XCSwiftPackageProductDependency;
			package = EB44BDFC2BD981A300DC26BB /* XCRemoteSwiftPackageReference "firebase-ios-sdk" */;
			productName = FirebaseStorage;
		};
		EB44BDFD2BD981A300DC26BB /* FirebaseAppCheck */ = {
			isa = XCSwiftPackageProductDependency;
			package = EB44BDFC2BD981A300DC26BB /* XCRemoteSwiftPackageReference "firebase-ios-sdk" */;
			productName = FirebaseAppCheck;
		};
		EB44BDFF2BD983DB00DC26BB /* FirebaseAuth */ = {
			isa = XCSwiftPackageProductDependency;
			package = EB44BDFC2BD981A300DC26BB /* XCRemoteSwiftPackageReference "firebase-ios-sdk" */;
			productName = FirebaseAuth;
		};
		EBB08E242BDC749D00A823B1 /* FirebaseFirestore */ = {
			isa = XCSwiftPackageProductDependency;
			package = EB44BDFC2BD981A300DC26BB /* XCRemoteSwiftPackageReference "firebase-ios-sdk" */;
			productName = FirebaseFirestore;
		};
		EBB08E262BDC749D00A823B1 /* FirebaseFirestoreSwift */ = {
			isa = XCSwiftPackageProductDependency;
			package = EB44BDFC2BD981A300DC26BB /* XCRemoteSwiftPackageReference "firebase-ios-sdk" */;
			productName = FirebaseFirestoreSwift;
		};
/* End XCSwiftPackageProductDependency section */
	};
	rootObject = 2A4CE8BD2BC46C510076F3BB /* Project object */;
}
